
Microsoft Visual Studio Solution File, Format Version 12.00
# Visual Studio 14
VisualStudioVersion = 14.0.24720.0
MinimumVisualStudioVersion = 10.0.40219.1
Project("{FAE04EC0-301F-11D3-BF4B-00C04F79EFBC}") = "StrategyPattern", "HeadFirstDesignPatterns\StrategyPattern.csproj", "{ABC3E9A1-EF20-4847-85F5-0C3D748E25A9}"
EndProject
Project("{FAE04EC0-301F-11D3-BF4B-00C04F79EFBC}") = "HeadFirstDesignPatterns.Tests", "HeadFirstDesignPatterns.Tests\HeadFirstDesignPatterns.Tests.csproj", "{3C022761-91CC-4213-8633-434B0D345464}"
EndProject
Project("{FAE04EC0-301F-11D3-BF4B-00C04F79EFBC}") = "ObserverPattern", "ObserverPattern\ObserverPattern.csproj", "{E7F9BA8B-AB82-49DD-9F76-4678750DC9E4}"
EndProject
Global
	GlobalSection(SolutionConfigurationPlatforms) = preSolution
		Debug|Any CPU = Debug|Any CPU
		Release|Any CPU = Release|Any CPU
	EndGlobalSection
	GlobalSection(ProjectConfigurationPlatforms) = postSolution
		{ABC3E9A1-EF20-4847-85F5-0C3D748E25A9}.Debug|Any CPU.ActiveCfg = Debug|Any CPU
		{ABC3E9A1-EF20-4847-85F5-0C3D748E25A9}.Debug|Any CPU.Build.0 = Debug|Any CPU
		{ABC3E9A1-EF20-4847-85F5-0C3D748E25A9}.Release|Any CPU.ActiveCfg = Release|Any CPU
		{ABC3E9A1-EF20-4847-85F5-0C3D748E25A9}.Release|Any CPU.Build.0 = Release|Any CPU
		{3C022761-91CC-4213-8633-434B0D345464}.Debug|Any CPU.ActiveCfg = Debug|Any CPU
		{3C022761-91CC-4213-8633-434B0D345464}.Debug|Any CPU.Build.0 = Debug|Any CPU
		{3C022761-91CC-4213-8633-434B0D345464}.Release|Any CPU.ActiveCfg = Release|Any CPU
		{3C022761-91CC-4213-8633-434B0D345464}.Release|Any CPU.Build.0 = Release|Any CPU
		{E7F9BA8B-AB82-49DD-9F76-4678750DC9E4}.Debug|Any CPU.ActiveCfg = Debug|Any CPU
		{E7F9BA8B-AB82-49DD-9F76-4678750DC9E4}.Debug|Any CPU.Build.0 = Debug|Any CPU
		{E7F9BA8B-AB82-49DD-9F76-4678750DC9E4}.Release|Any CPU.ActiveCfg = Release|Any CPU
		{E7F9BA8B-AB82-49DD-9F76-4678750DC9E4}.Release|Any CPU.Build.0 = Release|Any CPU
	EndGlobalSection
	GlobalSection(SolutionProperties) = preSolution
		HideSolutionNode = FALSE
	EndGlobalSection
EndGlobal
